
Microsoft Visual Studio Solution File, Format Version 12.00
# Visual Studio Version 18
Project("{8BC9CEB8-8B4A-11D0-8D11-00A0C91BC942}") = "ALL_BUILD", "ALL_BUILD.vcxproj", "{1145BC1B-B514-34E8-ACDA-4F7EB3D7A5DA}"
	ProjectSection(ProjectDependencies) = postProject
		{A19C7292-17CA-3744-867C-BE95AA79D30A} = {A19C7292-17CA-3744-867C-BE95AA79D30A}
		{C41446A3-A433-3CE8-B13B-B920B13E11DB} = {C41446A3-A433-3CE8-B13B-B920B13E11DB}
		{EB9A5C91-2D55-3BBF-B20B-011865E5968C} = {EB9A5C91-2D55-3BBF-B20B-011865E5968C}
		{A35094B4-1707-362D-87B1-AF0D1A2CB0AF} = {A35094B4-1707-362D-87B1-AF0D1A2CB0AF}
		{C4601B38-F70F-3CFC-A22A-7AF2D49BB834} = {C4601B38-F70F-3CFC-A22A-7AF2D49BB834}
		{E55CDF77-1CDB-36D9-AC96-1472A1260270} = {E55CDF77-1CDB-36D9-AC96-1472A1260270}
		{FB5A6C88-86F7-3EB2-9BBC-3A68BE86AA17} = {FB5A6C88-86F7-3EB2-9BBC-3A68BE86AA17}
		{E6EFDCB6-6CF9-38D8-86CB-91673561F161} = {E6EFDCB6-6CF9-38D8-86CB-91673561F161}
	EndProjectSection
EndProject
Project("{8BC9CEB8-8B4A-11D0-8D11-00A0C91BC942}") = "INSTALL", "INSTALL.vcxproj", "{B5E88507-9E2B-3405-9271-1C3277181027}"
	ProjectSection(ProjectDependencies) = postProject
		{1145BC1B-B514-34E8-ACDA-4F7EB3D7A5DA} = {1145BC1B-B514-34E8-ACDA-4F7EB3D7A5DA}
		{A19C7292-17CA-3744-867C-BE95AA79D30A} = {A19C7292-17CA-3744-867C-BE95AA79D30A}
	EndProjectSection
EndProject
Project("{8BC9CEB8-8B4A-11D0-8D11-00A0C91BC942}") = "ZERO_CHECK", "ZERO_CHECK.vcxproj", "{A19C7292-17CA-3744-867C-BE95AA79D30A}"
	ProjectSection(ProjectDependencies) = postProject
	EndProjectSection
EndProject
Project("{8BC9CEB8-8B4A-11D0-8D11-00A0C91BC942}") = "buildinfo", "src\buildinfo.vcxproj", "{C41446A3-A433-3CE8-B13B-B920B13E11DB}"
	ProjectSection(ProjectDependencies) = postProject
		{A19C7292-17CA-3744-867C-BE95AA79D30A} = {A19C7292-17CA-3744-867C-BE95AA79D30A}
	EndProjectSection
EndProject
Project("{8BC9CEB8-8B4A-11D0-8D11-00A0C91BC942}") = "corguids", "src\corguids.vcxproj", "{EB9A5C91-2D55-3BBF-B20B-011865E5968C}"
	ProjectSection(ProjectDependencies) = postProject
		{A19C7292-17CA-3744-867C-BE95AA79D30A} = {A19C7292-17CA-3744-867C-BE95AA79D30A}
	EndProjectSection
EndProject
Project("{8BC9CEB8-8B4A-11D0-8D11-00A0C91BC942}") = "example", "third_party\linenoise-ng\example.vcxproj", "{A35094B4-1707-362D-87B1-AF0D1A2CB0AF}"
	ProjectSection(ProjectDependencies) = postProject
		{A19C7292-17CA-3744-867C-BE95AA79D30A} = {A19C7292-17CA-3744-867C-BE95AA79D30A}
		{C4601B38-F70F-3CFC-A22A-7AF2D49BB834} = {C4601B38-F70F-3CFC-A22A-7AF2D49BB834}
	EndProjectSection
EndProject
Project("{8BC9CEB8-8B4A-11D0-8D11-00A0C91BC942}") = "linenoise", "third_party\linenoise-ng\linenoise.vcxproj", "{C4601B38-F70F-3CFC-A22A-7AF2D49BB834}"
	ProjectSection(ProjectDependencies) = postProject
		{A19C7292-17CA-3744-867C-BE95AA79D30A} = {A19C7292-17CA-3744-867C-BE95AA79D30A}
	EndProjectSection
EndProject
Project("{8BC9CEB8-8B4A-11D0-8D11-00A0C91BC942}") = "managedpart_dll", "src\managedpart_dll.vcxproj", "{E55CDF77-1CDB-36D9-AC96-1472A1260270}"
	ProjectSection(ProjectDependencies) = postProject
		{A19C7292-17CA-3744-867C-BE95AA79D30A} = {A19C7292-17CA-3744-867C-BE95AA79D30A}
	EndProjectSection
EndProject
Project("{8BC9CEB8-8B4A-11D0-8D11-00A0C91BC942}") = "ncdbhook_dll", "src\ncdbhook_dll.vcxproj", "{FB5A6C88-86F7-3EB2-9BBC-3A68BE86AA17}"
	ProjectSection(ProjectDependencies) = postProject
		{A19C7292-17CA-3744-867C-BE95AA79D30A} = {A19C7292-17CA-3744-867C-BE95AA79D30A}
	EndProjectSection
EndProject
Project("{8BC9CEB8-8B4A-11D0-8D11-00A0C91BC942}") = "netcoredbg", "src\netcoredbg.vcxproj", "{E6EFDCB6-6CF9-38D8-86CB-91673561F161}"
	ProjectSection(ProjectDependencies) = postProject
		{A19C7292-17CA-3744-867C-BE95AA79D30A} = {A19C7292-17CA-3744-867C-BE95AA79D30A}
		{EB9A5C91-2D55-3BBF-B20B-011865E5968C} = {EB9A5C91-2D55-3BBF-B20B-011865E5968C}
		{C4601B38-F70F-3CFC-A22A-7AF2D49BB834} = {C4601B38-F70F-3CFC-A22A-7AF2D49BB834}
	EndProjectSection
EndProject
Global
	GlobalSection(SolutionConfigurationPlatforms) = preSolution
		Debug|x64 = Debug|x64
		Release|x64 = Release|x64
		MinSizeRel|x64 = MinSizeRel|x64
		RelWithDebInfo|x64 = RelWithDebInfo|x64
	EndGlobalSection
	GlobalSection(ProjectConfigurationPlatforms) = postSolution
		{1145BC1B-B514-34E8-ACDA-4F7EB3D7A5DA}.Debug|x64.ActiveCfg = Debug|x64
		{1145BC1B-B514-34E8-ACDA-4F7EB3D7A5DA}.Debug|x64.Build.0 = Debug|x64
		{1145BC1B-B514-34E8-ACDA-4F7EB3D7A5DA}.Release|x64.ActiveCfg = Release|x64
		{1145BC1B-B514-34E8-ACDA-4F7EB3D7A5DA}.Release|x64.Build.0 = Release|x64
		{1145BC1B-B514-34E8-ACDA-4F7EB3D7A5DA}.MinSizeRel|x64.ActiveCfg = MinSizeRel|x64
		{1145BC1B-B514-34E8-ACDA-4F7EB3D7A5DA}.MinSizeRel|x64.Build.0 = MinSizeRel|x64
		{1145BC1B-B514-34E8-ACDA-4F7EB3D7A5DA}.RelWithDebInfo|x64.ActiveCfg = RelWithDebInfo|x64
		{1145BC1B-B514-34E8-ACDA-4F7EB3D7A5DA}.RelWithDebInfo|x64.Build.0 = RelWithDebInfo|x64
		{B5E88507-9E2B-3405-9271-1C3277181027}.Debug|x64.ActiveCfg = Debug|x64
		{B5E88507-9E2B-3405-9271-1C3277181027}.Release|x64.ActiveCfg = Release|x64
		{B5E88507-9E2B-3405-9271-1C3277181027}.MinSizeRel|x64.ActiveCfg = MinSizeRel|x64
		{B5E88507-9E2B-3405-9271-1C3277181027}.RelWithDebInfo|x64.ActiveCfg = RelWithDebInfo|x64
		{A19C7292-17CA-3744-867C-BE95AA79D30A}.Debug|x64.ActiveCfg = Debug|x64
		{A19C7292-17CA-3744-867C-BE95AA79D30A}.Debug|x64.Build.0 = Debug|x64
		{A19C7292-17CA-3744-867C-BE95AA79D30A}.Release|x64.ActiveCfg = Release|x64
		{A19C7292-17CA-3744-867C-BE95AA79D30A}.Release|x64.Build.0 = Release|x64
		{A19C7292-17CA-3744-867C-BE95AA79D30A}.MinSizeRel|x64.ActiveCfg = MinSizeRel|x64
		{A19C7292-17CA-3744-867C-BE95AA79D30A}.MinSizeRel|x64.Build.0 = MinSizeRel|x64
		{A19C7292-17CA-3744-867C-BE95AA79D30A}.RelWithDebInfo|x64.ActiveCfg = RelWithDebInfo|x64
		{A19C7292-17CA-3744-867C-BE95AA79D30A}.RelWithDebInfo|x64.Build.0 = RelWithDebInfo|x64
		{C41446A3-A433-3CE8-B13B-B920B13E11DB}.Debug|x64.ActiveCfg = Debug|x64
		{C41446A3-A433-3CE8-B13B-B920B13E11DB}.Debug|x64.Build.0 = Debug|x64
		{C41446A3-A433-3CE8-B13B-B920B13E11DB}.Release|x64.ActiveCfg = Release|x64
		{C41446A3-A433-3CE8-B13B-B920B13E11DB}.Release|x64.Build.0 = Release|x64
		{C41446A3-A433-3CE8-B13B-B920B13E11DB}.MinSizeRel|x64.ActiveCfg = MinSizeRel|x64
		{C41446A3-A433-3CE8-B13B-B920B13E11DB}.MinSizeRel|x64.Build.0 = MinSizeRel|x64
		{C41446A3-A433-3CE8-B13B-B920B13E11DB}.RelWithDebInfo|x64.ActiveCfg = RelWithDebInfo|x64
		{C41446A3-A433-3CE8-B13B-B920B13E11DB}.RelWithDebInfo|x64.Build.0 = RelWithDebInfo|x64
		{EB9A5C91-2D55-3BBF-B20B-011865E5968C}.Debug|x64.ActiveCfg = Debug|x64
		{EB9A5C91-2D55-3BBF-B20B-011865E5968C}.Debug|x64.Build.0 = Debug|x64
		{EB9A5C91-2D55-3BBF-B20B-011865E5968C}.Release|x64.ActiveCfg = Release|x64
		{EB9A5C91-2D55-3BBF-B20B-011865E5968C}.Release|x64.Build.0 = Release|x64
		{EB9A5C91-2D55-3BBF-B20B-011865E5968C}.MinSizeRel|x64.ActiveCfg = MinSizeRel|x64
		{EB9A5C91-2D55-3BBF-B20B-011865E5968C}.MinSizeRel|x64.Build.0 = MinSizeRel|x64
		{EB9A5C91-2D55-3BBF-B20B-011865E5968C}.RelWithDebInfo|x64.ActiveCfg = RelWithDebInfo|x64
		{EB9A5C91-2D55-3BBF-B20B-011865E5968C}.RelWithDebInfo|x64.Build.0 = RelWithDebInfo|x64
		{A35094B4-1707-362D-87B1-AF0D1A2CB0AF}.Debug|x64.ActiveCfg = Debug|x64
		{A35094B4-1707-362D-87B1-AF0D1A2CB0AF}.Debug|x64.Build.0 = Debug|x64
		{A35094B4-1707-362D-87B1-AF0D1A2CB0AF}.Release|x64.ActiveCfg = Release|x64
		{A35094B4-1707-362D-87B1-AF0D1A2CB0AF}.Release|x64.Build.0 = Release|x64
		{A35094B4-1707-362D-87B1-AF0D1A2CB0AF}.MinSizeRel|x64.ActiveCfg = MinSizeRel|x64
		{A35094B4-1707-362D-87B1-AF0D1A2CB0AF}.MinSizeRel|x64.Build.0 = MinSizeRel|x64
		{A35094B4-1707-362D-87B1-AF0D1A2CB0AF}.RelWithDebInfo|x64.ActiveCfg = RelWithDebInfo|x64
		{A35094B4-1707-362D-87B1-AF0D1A2CB0AF}.RelWithDebInfo|x64.Build.0 = RelWithDebInfo|x64
		{C4601B38-F70F-3CFC-A22A-7AF2D49BB834}.Debug|x64.ActiveCfg = Debug|x64
		{C4601B38-F70F-3CFC-A22A-7AF2D49BB834}.Debug|x64.Build.0 = Debug|x64
		{C4601B38-F70F-3CFC-A22A-7AF2D49BB834}.Release|x64.ActiveCfg = Release|x64
		{C4601B38-F70F-3CFC-A22A-7AF2D49BB834}.Release|x64.Build.0 = Release|x64
		{C4601B38-F70F-3CFC-A22A-7AF2D49BB834}.MinSizeRel|x64.ActiveCfg = MinSizeRel|x64
		{C4601B38-F70F-3CFC-A22A-7AF2D49BB834}.MinSizeRel|x64.Build.0 = MinSizeRel|x64
		{C4601B38-F70F-3CFC-A22A-7AF2D49BB834}.RelWithDebInfo|x64.ActiveCfg = RelWithDebInfo|x64
		{C4601B38-F70F-3CFC-A22A-7AF2D49BB834}.RelWithDebInfo|x64.Build.0 = RelWithDebInfo|x64
		{E55CDF77-1CDB-36D9-AC96-1472A1260270}.Debug|x64.ActiveCfg = Debug|x64
		{E55CDF77-1CDB-36D9-AC96-1472A1260270}.Debug|x64.Build.0 = Debug|x64
		{E55CDF77-1CDB-36D9-AC96-1472A1260270}.Release|x64.ActiveCfg = Release|x64
		{E55CDF77-1CDB-36D9-AC96-1472A1260270}.Release|x64.Build.0 = Release|x64
		{E55CDF77-1CDB-36D9-AC96-1472A1260270}.MinSizeRel|x64.ActiveCfg = MinSizeRel|x64
		{E55CDF77-1CDB-36D9-AC96-1472A1260270}.MinSizeRel|x64.Build.0 = MinSizeRel|x64
		{E55CDF77-1CDB-36D9-AC96-1472A1260270}.RelWithDebInfo|x64.ActiveCfg = RelWithDebInfo|x64
		{E55CDF77-1CDB-36D9-AC96-1472A1260270}.RelWithDebInfo|x64.Build.0 = RelWithDebInfo|x64
		{FB5A6C88-86F7-3EB2-9BBC-3A68BE86AA17}.Debug|x64.ActiveCfg = Debug|x64
		{FB5A6C88-86F7-3EB2-9BBC-3A68BE86AA17}.Debug|x64.Build.0 = Debug|x64
		{FB5A6C88-86F7-3EB2-9BBC-3A68BE86AA17}.Release|x64.ActiveCfg = Release|x64
		{FB5A6C88-86F7-3EB2-9BBC-3A68BE86AA17}.Release|x64.Build.0 = Release|x64
		{FB5A6C88-86F7-3EB2-9BBC-3A68BE86AA17}.MinSizeRel|x64.ActiveCfg = MinSizeRel|x64
		{FB5A6C88-86F7-3EB2-9BBC-3A68BE86AA17}.MinSizeRel|x64.Build.0 = MinSizeRel|x64
		{FB5A6C88-86F7-3EB2-9BBC-3A68BE86AA17}.RelWithDebInfo|x64.ActiveCfg = RelWithDebInfo|x64
		{FB5A6C88-86F7-3EB2-9BBC-3A68BE86AA17}.RelWithDebInfo|x64.Build.0 = RelWithDebInfo|x64
		{E6EFDCB6-6CF9-38D8-86CB-91673561F161}.Debug|x64.ActiveCfg = Debug|x64
		{E6EFDCB6-6CF9-38D8-86CB-91673561F161}.Debug|x64.Build.0 = Debug|x64
		{E6EFDCB6-6CF9-38D8-86CB-91673561F161}.Release|x64.ActiveCfg = Release|x64
		{E6EFDCB6-6CF9-38D8-86CB-91673561F161}.Release|x64.Build.0 = Release|x64
		{E6EFDCB6-6CF9-38D8-86CB-91673561F161}.MinSizeRel|x64.ActiveCfg = MinSizeRel|x64
		{E6EFDCB6-6CF9-38D8-86CB-91673561F161}.MinSizeRel|x64.Build.0 = MinSizeRel|x64
		{E6EFDCB6-6CF9-38D8-86CB-91673561F161}.RelWithDebInfo|x64.ActiveCfg = RelWithDebInfo|x64
		{E6EFDCB6-6CF9-38D8-86CB-91673561F161}.RelWithDebInfo|x64.Build.0 = RelWithDebInfo|x64
	EndGlobalSection
	GlobalSection(ExtensibilityGlobals) = postSolution
		SolutionGuid = {4EBF717B-3625-34DC-AB0F-677E01AE39F7}
	EndGlobalSection
	GlobalSection(ExtensibilityAddIns) = postSolution
	EndGlobalSection
EndGlobal
